
Microsoft Visual Studio Solution File, Format Version 12.00
# Visual Studio Version 17
VisualStudioVersion = 17.7.34031.279
MinimumVisualStudioVersion = 10.0.40219.1
Project("{FAE04EC0-301F-11D3-BF4B-00C04F79EFBC}") = "RisuDeepL", "RisuDeepL\RisuDeepL.csproj", "{27A60210-FAAC-4CBE-A09A-92991FC41B6A}"
EndProject
Global
	GlobalSection(SolutionConfigurationPlatforms) = preSolution
		Debug|Any CPU = Debug|Any CPU
		Release|Any CPU = Release|Any CPU
	EndGlobalSection
	GlobalSection(ProjectConfigurationPlatforms) = postSolution
		{27A60210-FAAC-4CBE-A09A-92991FC41B6A}.Debug|Any CPU.ActiveCfg = Debug|Any CPU
		{27A60210-FAAC-4CBE-A09A-92991FC41B6A}.Debug|Any CPU.Build.0 = Debug|Any CPU
		{27A60210-FAAC-4CBE-A09A-92991FC41B6A}.Release|Any CPU.ActiveCfg = Release|Any CPU
		{27A60210-FAAC-4CBE-A09A-92991FC41B6A}.Release|Any CPU.Build.0 = Release|Any CPU
	EndGlobalSection
	GlobalSection(SolutionProperties) = preSolution
		HideSolutionNode = FALSE
	EndGlobalSection
	GlobalSection(ExtensibilityGlobals) = postSolution
		SolutionGuid = {B59B6520-6F0F-4AC8-9942-1B3AFFC8BD19}
	EndGlobalSection
EndGlobal
